
Microsoft Visual Studio Solution File, Format Version 12.00
# Visual Studio Version 17
VisualStudioVersion = 17.11.35303.130
MinimumVisualStudioVersion = 10.0.40219.1
Project("{FAE04EC0-301F-11D3-BF4B-00C04F79EFBC}") = "Client", "Client\Client.csproj", "{EA0F7BFA-7EE4-4E72-8D7B-B17356AC4F65}"
EndProject
Global
	GlobalSection(SolutionConfigurationPlatforms) = preSolution
		Debug|Any CPU = Debug|Any CPU
		Release|Any CPU = Release|Any CPU
	EndGlobalSection
	GlobalSection(ProjectConfigurationPlatforms) = postSolution
		{EA0F7BFA-7EE4-4E72-8D7B-B17356AC4F65}.Debug|Any CPU.ActiveCfg = Debug|Any CPU
		{EA0F7BFA-7EE4-4E72-8D7B-B17356AC4F65}.Debug|Any CPU.Build.0 = Debug|Any CPU
		{EA0F7BFA-7EE4-4E72-8D7B-B17356AC4F65}.Release|Any CPU.ActiveCfg = Release|Any CPU
		{EA0F7BFA-7EE4-4E72-8D7B-B17356AC4F65}.Release|Any CPU.Build.0 = Release|Any CPU
	EndGlobalSection
	GlobalSection(SolutionProperties) = preSolution
		HideSolutionNode = FALSE
	EndGlobalSection
	GlobalSection(ExtensibilityGlobals) = postSolution
		SolutionGuid = {4083C632-1344-4DCC-9B7C-D32820D135F2}
	EndGlobalSection
EndGlobal
