
Microsoft Visual Studio Solution File, Format Version 12.00
# Visual Studio Version 17
VisualStudioVersion = 17.4.33205.214
MinimumVisualStudioVersion = 10.0.40219.1
Project("{FAE04EC0-301F-11D3-BF4B-00C04F79EFBC}") = "Fighting-Game-Client", "Fighting-Game-Client\Fighting-Game-Client.csproj", "{D37E73D7-8006-483F-B3C8-25F03CA4E683}"
EndProject
Global
	GlobalSection(SolutionConfigurationPlatforms) = preSolution
		Debug|Any CPU = Debug|Any CPU
		Release|Any CPU = Release|Any CPU
	EndGlobalSection
	GlobalSection(ProjectConfigurationPlatforms) = postSolution
		{D37E73D7-8006-483F-B3C8-25F03CA4E683}.Debug|Any CPU.ActiveCfg = Debug|Any CPU
		{D37E73D7-8006-483F-B3C8-25F03CA4E683}.Debug|Any CPU.Build.0 = Debug|Any CPU
		{D37E73D7-8006-483F-B3C8-25F03CA4E683}.Release|Any CPU.ActiveCfg = Release|Any CPU
		{D37E73D7-8006-483F-B3C8-25F03CA4E683}.Release|Any CPU.Build.0 = Release|Any CPU
	EndGlobalSection
	GlobalSection(SolutionProperties) = preSolution
		HideSolutionNode = FALSE
	EndGlobalSection
	GlobalSection(ExtensibilityGlobals) = postSolution
		SolutionGuid = {1E2F44BB-D046-4CBF-86D1-F9D9D87E2067}
	EndGlobalSection
EndGlobal
